
Microsoft Visual Studio Solution File, Format Version 12.00
# Visual Studio Version 16
VisualStudioVersion = 16.0.31129.286
MinimumVisualStudioVersion = 10.0.40219.1
Project("{8BC9CEB8-8B4A-11D0-8D11-00A0C91BC942}") = "松明", "松明.vcxproj", "{599443EB-5D5F-421A-8013-F0D9522C04D4}"
EndProject
Global
	GlobalSection(SolutionConfigurationPlatforms) = preSolution
		Debug|x64 = Debug|x64
		Debug|x86 = Debug|x86
		Release|x64 = Release|x64
		Release|x86 = Release|x86
	EndGlobalSection
	GlobalSection(ProjectConfigurationPlatforms) = postSolution
		{599443EB-5D5F-421A-8013-F0D9522C04D4}.Debug|x64.ActiveCfg = Debug|x64
		{599443EB-5D5F-421A-8013-F0D9522C04D4}.Debug|x64.Build.0 = Debug|x64
		{599443EB-5D5F-421A-8013-F0D9522C04D4}.Debug|x86.ActiveCfg = Debug|Win32
		{599443EB-5D5F-421A-8013-F0D9522C04D4}.Debug|x86.Build.0 = Debug|Win32
		{599443EB-5D5F-421A-8013-F0D9522C04D4}.Release|x64.ActiveCfg = Release|x64
		{599443EB-5D5F-421A-8013-F0D9522C04D4}.Release|x64.Build.0 = Release|x64
		{599443EB-5D5F-421A-8013-F0D9522C04D4}.Release|x86.ActiveCfg = Release|Win32
		{599443EB-5D5F-421A-8013-F0D9522C04D4}.Release|x86.Build.0 = Release|Win32
	EndGlobalSection
	GlobalSection(SolutionProperties) = preSolution
		HideSolutionNode = FALSE
	EndGlobalSection
	GlobalSection(ExtensibilityGlobals) = postSolution
		SolutionGuid = {3072F6F9-CA78-413E-BCB7-034454D55B48}
	EndGlobalSection
EndGlobal
